
Microsoft Visual Studio Solution File, Format Version 12.00
# Visual Studio Version 17
VisualStudioVersion = 17.14.36414.22 d17.14
MinimumVisualStudioVersion = 10.0.40219.1
Project("{FAE04EC0-301F-11D3-BF4B-00C04F79EFBC}") = "ConsoleApp", "ConsoleApp\ConsoleApp.csproj", "{876E2C0A-B19B-4FC8-9AB0-2ADD9C61FF6F}"
EndProject
Global
	GlobalSection(SolutionConfigurationPlatforms) = preSolution
		Debug|Any CPU = Debug|Any CPU
		Release|Any CPU = Release|Any CPU
	EndGlobalSection
	GlobalSection(ProjectConfigurationPlatforms) = postSolution
		{876E2C0A-B19B-4FC8-9AB0-2ADD9C61FF6F}.Debug|Any CPU.ActiveCfg = Debug|Any CPU
		{876E2C0A-B19B-4FC8-9AB0-2ADD9C61FF6F}.Debug|Any CPU.Build.0 = Debug|Any CPU
		{876E2C0A-B19B-4FC8-9AB0-2ADD9C61FF6F}.Release|Any CPU.ActiveCfg = Release|Any CPU
		{876E2C0A-B19B-4FC8-9AB0-2ADD9C61FF6F}.Release|Any CPU.Build.0 = Release|Any CPU
	EndGlobalSection
	GlobalSection(SolutionProperties) = preSolution
		HideSolutionNode = FALSE
	EndGlobalSection
	GlobalSection(ExtensibilityGlobals) = postSolution
		SolutionGuid = {A09E92CA-C65A-4252-98BA-74F2D132945D}
	EndGlobalSection
EndGlobal
